
Microsoft Visual Studio Solution File, Format Version 12.00
# Visual Studio Version 16
VisualStudioVersion = 16.0.31424.327
MinimumVisualStudioVersion = 10.0.40219.1
Project("{FAE04EC0-301F-11D3-BF4B-00C04F79EFBC}") = "KutuphaneSistem", "KutuphaneSistem\KutuphaneSistem.csproj", "{52E92F10-77EB-4D2A-A8DF-AFAFEDDD6ED3}"
EndProject
Global
	GlobalSection(SolutionConfigurationPlatforms) = preSolution
		Debug|Any CPU = Debug|Any CPU
		Release|Any CPU = Release|Any CPU
	EndGlobalSection
	GlobalSection(ProjectConfigurationPlatforms) = postSolution
		{52E92F10-77EB-4D2A-A8DF-AFAFEDDD6ED3}.Debug|Any CPU.ActiveCfg = Debug|Any CPU
		{52E92F10-77EB-4D2A-A8DF-AFAFEDDD6ED3}.Debug|Any CPU.Build.0 = Debug|Any CPU
		{52E92F10-77EB-4D2A-A8DF-AFAFEDDD6ED3}.Release|Any CPU.ActiveCfg = Release|Any CPU
		{52E92F10-77EB-4D2A-A8DF-AFAFEDDD6ED3}.Release|Any CPU.Build.0 = Release|Any CPU
	EndGlobalSection
	GlobalSection(SolutionProperties) = preSolution
		HideSolutionNode = FALSE
	EndGlobalSection
	GlobalSection(ExtensibilityGlobals) = postSolution
		SolutionGuid = {C5FE7DF1-12DE-40C8-A878-FE5BA8A6FED4}
	EndGlobalSection
EndGlobal
